<Solution>
  <Folder Name="/Solution Items/">
    <File Path=".gitignore" />
    <File Path="Directory.Build.props" />
    <File Path="LICENSE" />
    <File Path="README.md" />
  </Folder>
  <Folder Name="/Samples/">
    <Project Path="Prism.SourceGenerators.Samples.Prism8/Prism.SourceGenerators.Samples.Prism8.csproj" />
    <Project Path="Prism.SourceGenerators.Samples.Prism9/Prism.SourceGenerators.Samples.Prism9.csproj" />
  </Folder>
</Solution>
